
Microsoft Visual Studio Solution File, Format Version 12.00
# Visual Studio Version 17
VisualStudioVersion = 17.4.33122.133
MinimumVisualStudioVersion = 10.0.40219.1
Project("{FAE04EC0-301F-11D3-BF4B-00C04F79EFBC}") = "GeeksForLess", "GeeksForLess\GeeksForLess.csproj", "{6F6C2A10-62DB-486D-A65E-BD852E1ADEF6}"
EndProject
Global
	GlobalSection(SolutionConfigurationPlatforms) = preSolution
		Debug|Any CPU = Debug|Any CPU
		Release|Any CPU = Release|Any CPU
	EndGlobalSection
	GlobalSection(ProjectConfigurationPlatforms) = postSolution
		{6F6C2A10-62DB-486D-A65E-BD852E1ADEF6}.Debug|Any CPU.ActiveCfg = Debug|Any CPU
		{6F6C2A10-62DB-486D-A65E-BD852E1ADEF6}.Debug|Any CPU.Build.0 = Debug|Any CPU
		{6F6C2A10-62DB-486D-A65E-BD852E1ADEF6}.Release|Any CPU.ActiveCfg = Release|Any CPU
		{6F6C2A10-62DB-486D-A65E-BD852E1ADEF6}.Release|Any CPU.Build.0 = Release|Any CPU
	EndGlobalSection
	GlobalSection(SolutionProperties) = preSolution
		HideSolutionNode = FALSE
	EndGlobalSection
	GlobalSection(ExtensibilityGlobals) = postSolution
		SolutionGuid = {29A61F6A-D7D2-49CA-87F2-7FC5019488C4}
	EndGlobalSection
EndGlobal
